{
  "nodes": {
    "abseil-src": {
      "flake": false,
      "locked": {
        "lastModified": 1722535511,
        "narHash": "sha256-51jpDhdZ0n+KLmxh8KVaTz53pZAB0dHjmILFX+OLud4=",
        "owner": "abseil",
        "repo": "abseil-cpp",
        "rev": "4447c7562e3bc702ade25105912dce503f0c4010",
        "type": "github"
      },
      "original": {
        "owner": "abseil",
        "ref": "20240722.0",
        "repo": "abseil-cpp",
        "type": "github"
      }
    },
    "advisory-db": {
      "flake": false,
      "locked": {
        "lastModified": 1765196634,
        "narHash": "sha256-A6TExffYU4WElf8GW8yaqUFK2P00ES/a/HSqqhIL7pk=",
        "owner": "rustsec",
        "repo": "advisory-db",
        "rev": "6b4a28c7201255e36850fd6e2ca1fbdd8d4f5b4d",
        "type": "github"
      },
      "original": {
        "owner": "rustsec",
        "repo": "advisory-db",
        "type": "github"
      }
    },
    "asio-src": {
      "flake": false,
      "locked": {
        "lastModified": 1702548444,
        "narHash": "sha256-8Xo6J6+dTvDtsthjbLMMTInHMDnMMM0rQwzbZu70J/s=",
        "owner": "chriskohlhoff",
        "repo": "asio",
        "rev": "22ccfc94fc77356f7820601f9f33b9129a337d2d",
        "type": "github"
      },
      "original": {
        "owner": "chriskohlhoff",
        "ref": "asio-1-30-0",
        "repo": "asio",
        "type": "github"
      }
    },
    "awww": {
      "inputs": {
        "flake-compat": "flake-compat",
        "nixpkgs": "nixpkgs",
        "rust-overlay": "rust-overlay"
      },
      "locked": {
        "lastModified": 1766518114,
        "narHash": "sha256-3zIOjIidbrHXTxEzjPVrwSd19Mwdfw58VvSnTWtlunc=",
        "ref": "refs/heads/main",
        "rev": "138c4ebdbe0c3eead5656373ea8837a5bd49c40b",
        "revCount": 1329,
        "type": "git",
        "url": "https://codeberg.org/LGFae/awww"
      },
      "original": {
        "type": "git",
        "url": "https://codeberg.org/LGFae/awww"
      }
    },
    "crane": {
      "locked": {
        "lastModified": 1765145449,
        "narHash": "sha256-aBVHGWWRzSpfL++LubA0CwOOQ64WNLegrYHwsVuVN7A=",
        "owner": "ipetkov",
        "repo": "crane",
        "rev": "69f538cdce5955fcd47abfed4395dc6d5194c1c5",
        "type": "github"
      },
      "original": {
        "owner": "ipetkov",
        "repo": "crane",
        "type": "github"
      }
    },
    "curl-src": {
      "flake": false,
      "locked": {
        "lastModified": 1743572790,
        "narHash": "sha256-huAGWNm2rYBmgzUuYQ21IYp2skyQECelEkXPMBJY3cE=",
        "owner": "curl",
        "repo": "curl",
        "rev": "1c3149881769e7bd79b072e48374e4c2b3678b2f",
        "type": "github"
      },
      "original": {
        "owner": "curl",
        "ref": "curl-8_13_0",
        "repo": "curl",
        "type": "github"
      }
    },
    "elysia": {
      "inputs": {
        "fenix": "fenix",
        "nixpkgs": [
          "nixpkgs"
        ]
      },
      "locked": {
        "lastModified": 1769494474,
        "narHash": "sha256-Ku2jOZ8kUu1TUc6P7UQM+43OjlkmpAyPRx0p2eysqS0=",
        "ref": "refs/heads/master",
        "rev": "75f900b2a4e1cd01efa6f6a0bb2e4e137e9de6fa",
        "revCount": 11,
        "type": "git",
        "url": "https://dawn.wine/foxtrottt/elysia-on-nix/"
      },
      "original": {
        "type": "git",
        "url": "https://dawn.wine/foxtrottt/elysia-on-nix/"
      }
    },
    "fenix": {
      "inputs": {
        "nixpkgs": [
          "elysia",
          "nixpkgs"
        ],
        "rust-analyzer-src": "rust-analyzer-src"
      },
      "locked": {
        "lastModified": 1769410490,
        "narHash": "sha256-Qnn9S6QJ2vJtDNRRi6smKpbbyTwjv3fCqqdF3uguVnc=",
        "owner": "nix-community",
        "repo": "fenix",
        "rev": "c08dfc7c3c62a9947db50782aa8e2fe065056efd",
        "type": "github"
      },
      "original": {
        "owner": "nix-community",
        "repo": "fenix",
        "type": "github"
      }
    },
    "fenix_2": {
      "inputs": {
        "nixpkgs": "nixpkgs_4",
        "rust-analyzer-src": "rust-analyzer-src_2"
      },
      "locked": {
        "lastModified": 1765252472,
        "narHash": "sha256-byMt/uMi7DJ8tRniFopDFZMO3leSjGp6GS4zWOFT+uQ=",
        "owner": "nix-community",
        "repo": "fenix",
        "rev": "8456b985f6652e3eef0632ee9992b439735c5544",
        "type": "github"
      },
      "original": {
        "owner": "nix-community",
        "repo": "fenix",
        "type": "github"
      }
    },
    "flake-compat": {
      "flake": false,
      "locked": {
        "lastModified": 1761588595,
        "narHash": "sha256-XKUZz9zewJNUj46b4AJdiRZJAvSZ0Dqj2BNfXvFlJC4=",
        "owner": "edolstra",
        "repo": "flake-compat",
        "rev": "f387cd2afec9419c8ee37694406ca490c3f34ee5",
        "type": "github"
      },
      "original": {
        "owner": "edolstra",
        "repo": "flake-compat",
        "type": "github"
      }
    },
    "flake-compat_2": {
      "locked": {
        "lastModified": 1733328505,
        "narHash": "sha256-NeCCThCEP3eCl2l/+27kNNK7QrwZB1IJCrXfrbv5oqU=",
        "rev": "ff81ac966bb2cae68946d5ed5fc4994f96d0ffec",
        "revCount": 69,
        "type": "tarball",
        "url": "https://api.flakehub.com/f/pinned/edolstra/flake-compat/1.1.0/01948eb7-9cba-704f-bbf3-3fa956735b52/source.tar.gz"
      },
      "original": {
        "type": "tarball",
        "url": "https://flakehub.com/f/edolstra/flake-compat/1.tar.gz"
      }
    },
    "flake-parts": {
      "inputs": {
        "nixpkgs-lib": "nixpkgs-lib"
      },
      "locked": {
        "lastModified": 1749398372,
        "narHash": "sha256-tYBdgS56eXYaWVW3fsnPQ/nFlgWi/Z2Ymhyu21zVM98=",
        "owner": "hercules-ci",
        "repo": "flake-parts",
        "rev": "9305fe4e5c2a6fcf5ba6a3ff155720fbe4076569",
        "type": "github"
      },
      "original": {
        "owner": "hercules-ci",
        "repo": "flake-parts",
        "type": "github"
      }
    },
    "flake-parts_2": {
      "inputs": {
        "nixpkgs-lib": "nixpkgs-lib_2"
      },
      "locked": {
        "lastModified": 1768135262,
        "narHash": "sha256-PVvu7OqHBGWN16zSi6tEmPwwHQ4rLPU9Plvs8/1TUBY=",
        "owner": "hercules-ci",
        "repo": "flake-parts",
        "rev": "80daad04eddbbf5a4d883996a73f3f542fa437ac",
        "type": "github"
      },
      "original": {
        "owner": "hercules-ci",
        "repo": "flake-parts",
        "type": "github"
      }
    },
    "flake-utils": {
      "inputs": {
        "systems": "systems_2"
      },
      "locked": {
        "lastModified": 1731533236,
        "narHash": "sha256-l0KFg5HjrsfsO/JpG+r7fRrqm12kzFHyUHqHCVpMMbI=",
        "owner": "numtide",
        "repo": "flake-utils",
        "rev": "11707dc2f618dd54ca8739b309ec4fc024de578b",
        "type": "github"
      },
      "original": {
        "owner": "numtide",
        "repo": "flake-utils",
        "type": "github"
      }
    },
    "fmt-src": {
      "flake": false,
      "locked": {
        "lastModified": 1758127535,
        "narHash": "sha256-AZDmIeU1HbadC+K0TIAGogvVnxt0oE9U6ocpawIgl6g=",
        "owner": "fmtlib",
        "repo": "fmt",
        "rev": "e424e3f2e607da02742f73db84873b8084fc714c",
        "type": "github"
      },
      "original": {
        "owner": "fmtlib",
        "ref": "12.0.0",
        "repo": "fmt",
        "type": "github"
      }
    },
    "helix": {
      "inputs": {
        "nixpkgs": "nixpkgs_2",
        "rust-overlay": "rust-overlay_2"
      },
      "locked": {
        "lastModified": 1770278505,
        "narHash": "sha256-O71kBz6+I+5u4FiOVvEqrv+FGcXXO16GdzVjgHYIXXg=",
        "owner": "helix-editor",
        "repo": "helix",
        "rev": "74075bb5a389051ea46437af8cab512661b3d998",
        "type": "github"
      },
      "original": {
        "owner": "helix-editor",
        "ref": "master",
        "repo": "helix",
        "type": "github"
      }
    },
    "hjem": {
      "inputs": {
        "nix-darwin": "nix-darwin",
        "nixpkgs": [
          "nixpkgs-unstable"
        ],
        "smfh": "smfh"
      },
      "locked": {
        "lastModified": 1769053318,
        "narHash": "sha256-cKETEBrseo7Iz+bOzflwy1xTpDuUj3QaLA+P49yJw8k=",
        "owner": "feel-co",
        "repo": "hjem",
        "rev": "9d0c8d4b44f661910595b07e6480557644c1431c",
        "type": "github"
      },
      "original": {
        "owner": "feel-co",
        "repo": "hjem",
        "type": "github"
      }
    },
    "incbin-src": {
      "flake": false,
      "locked": {
        "lastModified": 1748303270,
        "narHash": "sha256-vgOfViZnWTKpBB6vDNDJSB3YuuGGVhg++zsi9Ubatno=",
        "owner": "graphitemaster",
        "repo": "incbin",
        "rev": "22061f51fe9f2f35f061f85c2b217b55dd75310d",
        "type": "github"
      },
      "original": {
        "owner": "graphitemaster",
        "ref": "main",
        "repo": "incbin",
        "type": "github"
      }
    },
    "json-src": {
      "flake": false,
      "locked": {
        "lastModified": 1744360948,
        "narHash": "sha256-cECvDOLxgX7Q9R3IE86Hj9JJUxraDQvhoyPDF03B2CY=",
        "owner": "nlohmann",
        "repo": "json",
        "rev": "55f93686c01528224f448c19128836e7df245f72",
        "type": "github"
      },
      "original": {
        "owner": "nlohmann",
        "ref": "v3.12.0",
        "repo": "json",
        "type": "github"
      }
    },
    "libgit2-src": {
      "flake": false,
      "locked": {
        "lastModified": 1749227175,
        "narHash": "sha256-/xI3v7LNhpgfjv/m+sZwYDhhYvS6kQYxiiiG3+EF8Mw=",
        "owner": "libgit2",
        "repo": "libgit2",
        "rev": "0060d9cf5666f015b1067129bd874c6cc4c9c7ac",
        "type": "github"
      },
      "original": {
        "owner": "libgit2",
        "ref": "v1.9.1",
        "repo": "libgit2",
        "type": "github"
      }
    },
    "luajit-src": {
      "flake": false,
      "locked": {
        "lastModified": 1763177035,
        "narHash": "sha256-oYD86MqmlJpiCuEs4LwVtxvarPtz1RPWm8nJqNE0sBs=",
        "owner": "SteamClientHomebrew",
        "repo": "LuaJIT",
        "rev": "89550023569c3e195e75e12951c067fe5591e0d2",
        "type": "github"
      },
      "original": {
        "owner": "SteamClientHomebrew",
        "ref": "v2.1",
        "repo": "LuaJIT",
        "type": "github"
      }
    },
    "luajson-src": {
      "flake": false,
      "locked": {
        "lastModified": 1763065879,
        "narHash": "sha256-5Mdp4jp+rqz2ufkBa1gMfd8nep+Um+mBdr6+Ut6yz9I=",
        "owner": "SteamClientHomebrew",
        "repo": "LuaJSON",
        "rev": "0c1fabf07c42f3907287d1e4f729e0620c1fe6fd",
        "type": "github"
      },
      "original": {
        "owner": "SteamClientHomebrew",
        "ref": "master",
        "repo": "LuaJSON",
        "type": "github"
      }
    },
    "mango": {
      "inputs": {
        "flake-parts": "flake-parts",
        "nixpkgs": [
          "nixpkgs"
        ],
        "scenefx": "scenefx"
      },
      "locked": {
        "lastModified": 1770365657,
        "narHash": "sha256-pXny9cvfkfvVu0/jBc4cPlUcUbSCpCQEVNFZOuncyVM=",
        "owner": "DreamMaoMao",
        "repo": "mango",
        "rev": "4586319bef10c44506615cfab43870b502245f06",
        "type": "github"
      },
      "original": {
        "owner": "DreamMaoMao",
        "repo": "mango",
        "type": "github"
      }
    },
    "millennium": {
      "inputs": {
        "abseil-src": "abseil-src",
        "asio-src": "asio-src",
        "curl-src": "curl-src",
        "fmt-src": "fmt-src",
        "incbin-src": "incbin-src",
        "json-src": "json-src",
        "libgit2-src": "libgit2-src",
        "luajit-src": "luajit-src",
        "luajson-src": "luajson-src",
        "millennium-src": "millennium-src",
        "minhook-src": "minhook-src",
        "mini-src": "mini-src",
        "minizip-src": "minizip-src",
        "nixpkgs": "nixpkgs_3",
        "re2-src": "re2-src",
        "websocketpp-src": "websocketpp-src",
        "zlib-src": "zlib-src"
      },
      "locked": {
        "dir": "packages/nix",
        "lastModified": 1770057666,
        "narHash": "sha256-NJRfAS1+x4dlbm+Hi/WtjfijoUnlUcifF5I7bWmqn7k=",
        "owner": "SteamClientHomebrew",
        "repo": "Millennium",
        "rev": "393d6fc9e4a358b80fb0043be05c8b5393a76992",
        "type": "github"
      },
      "original": {
        "dir": "packages/nix",
        "owner": "SteamClientHomebrew",
        "repo": "Millennium",
        "type": "github"
      }
    },
    "millennium-src": {
      "flake": false,
      "locked": {
        "lastModified": 1767577350,
        "narHash": "sha256-vtnqP4WxEr8C0vJ59rvEPSJTAyx0MmxzIEn+HrlCobI=",
        "owner": "SteamClientHomebrew",
        "repo": "Millennium",
        "rev": "4722a8ec5824e0425a3d07f2c21935dbf694813f",
        "type": "github"
      },
      "original": {
        "owner": "SteamClientHomebrew",
        "repo": "Millennium",
        "rev": "4722a8ec5824e0425a3d07f2c21935dbf694813f",
        "type": "github"
      }
    },
    "minhook-src": {
      "flake": false,
      "locked": {
        "lastModified": 1743163800,
        "narHash": "sha256-0eGFfg365bb4zic1WTHMvKHbxuhhGp72/clu8OklHXs=",
        "owner": "TsudaKageyu",
        "repo": "minhook",
        "rev": "c3fcafdc10146beb5919319d0683e44e3c30d537",
        "type": "github"
      },
      "original": {
        "owner": "TsudaKageyu",
        "ref": "v1.3.4",
        "repo": "minhook",
        "type": "github"
      }
    },
    "mini-src": {
      "flake": false,
      "locked": {
        "lastModified": 1743356736,
        "narHash": "sha256-zBFFOlECbie7+62fTGf+NP4gNmfv2Qddw3ys6xn7o9U=",
        "owner": "metayeti",
        "repo": "mINI",
        "rev": "52b66e987cb56171dc91d96115cdf094b6e4d7a0",
        "type": "github"
      },
      "original": {
        "owner": "metayeti",
        "ref": "0.9.18",
        "repo": "mINI",
        "type": "github"
      }
    },
    "minizip-src": {
      "flake": false,
      "locked": {
        "lastModified": 1746408966,
        "narHash": "sha256-I3CZwtfJMsZYQOMdGhooUN8vssnQj6rCzv8F+rne3vg=",
        "owner": "zlib-ng",
        "repo": "minizip-ng",
        "rev": "f3ed731e27a97e30dffe076ed5e0537daae5c1bd",
        "type": "github"
      },
      "original": {
        "owner": "zlib-ng",
        "ref": "4.0.10",
        "repo": "minizip-ng",
        "type": "github"
      }
    },
    "niri": {
      "inputs": {
        "advisory-db": "advisory-db",
        "crane": "crane",
        "fenix": "fenix_2",
        "nixpkgs": "nixpkgs_5",
        "treefmt-nix": "treefmt-nix"
      },
      "locked": {
        "lastModified": 1769509537,
        "narHash": "sha256-V0GdcS5QWCfuXZcq2fQr8nkGxJM8YsLVvw/HlRsWFgk=",
        "owner": "Naxdy",
        "repo": "niri",
        "rev": "c8db88d9f15bcbcfb2dee89a62db1b82195caf48",
        "type": "github"
      },
      "original": {
        "owner": "Naxdy",
        "repo": "niri",
        "type": "github"
      }
    },
    "nix-darwin": {
      "inputs": {
        "nixpkgs": [
          "hjem",
          "nixpkgs"
        ]
      },
      "locked": {
        "lastModified": 1765065051,
        "narHash": "sha256-b7W9WsvyMOkUScNxbzS45KEJp0iiqRPyJ1I3JBE+oEE=",
        "owner": "nix-darwin",
        "repo": "nix-darwin",
        "rev": "7e22bf538aa3e0937effcb1cee73d5f1bcc26f79",
        "type": "github"
      },
      "original": {
        "owner": "nix-darwin",
        "repo": "nix-darwin",
        "type": "github"
      }
    },
    "nixcord": {
      "inputs": {
        "flake-compat": "flake-compat_2",
        "flake-parts": "flake-parts_2",
        "nixpkgs": "nixpkgs_7"
      },
      "locked": {
        "lastModified": 1770394246,
        "narHash": "sha256-/Eyv8UjRYRr180NLH0EoHCPXCt5otK0O9YKu04eapes=",
        "owner": "FlameFlag",
        "repo": "nixcord",
        "rev": "968dc149864675496fdb161f6b241ac1f8fe55b8",
        "type": "github"
      },
      "original": {
        "owner": "FlameFlag",
        "repo": "nixcord",
        "type": "github"
      }
    },
    "nixpkgs": {
      "locked": {
        "lastModified": 1763934636,
        "narHash": "sha256-9glbI7f1uU+yzQCq5LwLgdZqx6svOhZWkd4JRY265fc=",
        "owner": "nixos",
        "repo": "nixpkgs",
        "rev": "ee09932cedcef15aaf476f9343d1dea2cb77e261",
        "type": "github"
      },
      "original": {
        "owner": "nixos",
        "ref": "nixpkgs-unstable",
        "repo": "nixpkgs",
        "type": "github"
      }
    },
    "nixpkgs-lib": {
      "locked": {
        "lastModified": 1748740939,
        "narHash": "sha256-rQaysilft1aVMwF14xIdGS3sj1yHlI6oKQNBRTF40cc=",
        "owner": "nix-community",
        "repo": "nixpkgs.lib",
        "rev": "656a64127e9d791a334452c6b6606d17539476e2",
        "type": "github"
      },
      "original": {
        "owner": "nix-community",
        "repo": "nixpkgs.lib",
        "type": "github"
      }
    },
    "nixpkgs-lib_2": {
      "locked": {
        "lastModified": 1765674936,
        "narHash": "sha256-k00uTP4JNfmejrCLJOwdObYC9jHRrr/5M/a/8L2EIdo=",
        "owner": "nix-community",
        "repo": "nixpkgs.lib",
        "rev": "2075416fcb47225d9b68ac469a5c4801a9c4dd85",
        "type": "github"
      },
      "original": {
        "owner": "nix-community",
        "repo": "nixpkgs.lib",
        "type": "github"
      }
    },
    "nixpkgs-unstable": {
      "locked": {
        "lastModified": 1770197578,
        "narHash": "sha256-AYqlWrX09+HvGs8zM6ebZ1pwUqjkfpnv8mewYwAo+iM=",
        "owner": "NixOS",
        "repo": "nixpkgs",
        "rev": "00c21e4c93d963c50d4c0c89bfa84ed6e0694df2",
        "type": "github"
      },
      "original": {
        "owner": "NixOS",
        "ref": "nixos-unstable",
        "repo": "nixpkgs",
        "type": "github"
      }
    },
    "nixpkgs_2": {
      "locked": {
        "lastModified": 1759381078,
        "narHash": "sha256-gTrEEp5gEspIcCOx9PD8kMaF1iEmfBcTbO0Jag2QhQs=",
        "owner": "nixos",
        "repo": "nixpkgs",
        "rev": "7df7ff7d8e00218376575f0acdcc5d66741351ee",
        "type": "github"
      },
      "original": {
        "owner": "nixos",
        "ref": "nixos-unstable",
        "repo": "nixpkgs",
        "type": "github"
      }
    },
    "nixpkgs_3": {
      "locked": {
        "lastModified": 1767379071,
        "narHash": "sha256-EgE0pxsrW9jp9YFMkHL9JMXxcqi/OoumPJYwf+Okucw=",
        "owner": "nixos",
        "repo": "nixpkgs",
        "rev": "fb7944c166a3b630f177938e478f0378e64ce108",
        "type": "github"
      },
      "original": {
        "owner": "nixos",
        "ref": "nixos-unstable",
        "repo": "nixpkgs",
        "type": "github"
      }
    },
    "nixpkgs_4": {
      "locked": {
        "lastModified": 1764950072,
        "narHash": "sha256-BmPWzogsG2GsXZtlT+MTcAWeDK5hkbGRZTeZNW42fwA=",
        "owner": "nixos",
        "repo": "nixpkgs",
        "rev": "f61125a668a320878494449750330ca58b78c557",
        "type": "github"
      },
      "original": {
        "owner": "nixos",
        "ref": "nixos-unstable",
        "repo": "nixpkgs",
        "type": "github"
      }
    },
    "nixpkgs_5": {
      "locked": {
        "lastModified": 1765270179,
        "narHash": "sha256-g2a4MhRKu4ymR4xwo+I+auTknXt/+j37Lnf0Mvfl1rE=",
        "owner": "NixOS",
        "repo": "nixpkgs",
        "rev": "677fbe97984e7af3175b6c121f3c39ee5c8d62c9",
        "type": "github"
      },
      "original": {
        "owner": "NixOS",
        "ref": "nixpkgs-unstable",
        "repo": "nixpkgs",
        "type": "github"
      }
    },
    "nixpkgs_6": {
      "locked": {
        "lastModified": 1761236834,
        "narHash": "sha256-+pthv6hrL5VLW2UqPdISGuLiUZ6SnAXdd2DdUE+fV2Q=",
        "owner": "nixos",
        "repo": "nixpkgs",
        "rev": "d5faa84122bc0a1fd5d378492efce4e289f8eac1",
        "type": "github"
      },
      "original": {
        "owner": "nixos",
        "ref": "nixpkgs-unstable",
        "repo": "nixpkgs",
        "type": "github"
      }
    },
    "nixpkgs_7": {
      "locked": {
        "lastModified": 1769089682,
        "narHash": "sha256-9yA/LIuAVQq0lXelrZPjLuLVuZdm03p8tfmHhnDIkms=",
        "owner": "NixOS",
        "repo": "nixpkgs",
        "rev": "078d69f03934859a181e81ba987c2bb033eebfc5",
        "type": "github"
      },
      "original": {
        "owner": "NixOS",
        "ref": "nixos-25.11",
        "repo": "nixpkgs",
        "type": "github"
      }
    },
    "nixpkgs_8": {
      "locked": {
        "lastModified": 1770136044,
        "narHash": "sha256-tlFqNG/uzz2++aAmn4v8J0vAkV3z7XngeIIB3rM3650=",
        "owner": "NixOS",
        "repo": "nixpkgs",
        "rev": "e576e3c9cf9bad747afcddd9e34f51d18c855b4e",
        "type": "github"
      },
      "original": {
        "owner": "NixOS",
        "ref": "nixos-25.11",
        "repo": "nixpkgs",
        "type": "github"
      }
    },
    "nixpkgs_9": {
      "locked": {
        "lastModified": 1764242076,
        "narHash": "sha256-sKoIWfnijJ0+9e4wRvIgm/HgE27bzwQxcEmo2J/gNpI=",
        "owner": "NixOS",
        "repo": "nixpkgs",
        "rev": "2fad6eac6077f03fe109c4d4eb171cf96791faa4",
        "type": "github"
      },
      "original": {
        "owner": "NixOS",
        "ref": "nixos-unstable",
        "repo": "nixpkgs",
        "type": "github"
      }
    },
    "qtengine": {
      "inputs": {
        "nixpkgs": [
          "nixpkgs-unstable"
        ]
      },
      "locked": {
        "lastModified": 1769015610,
        "narHash": "sha256-Uvrb9lpTW77sJvsgO7o2U/BmSAbD8IDdUr9bGmIKtt8=",
        "owner": "kossLAN",
        "repo": "qtengine",
        "rev": "10d61da0369c123d8bde94ffc6b60441e5e7c2f3",
        "type": "github"
      },
      "original": {
        "owner": "kossLAN",
        "repo": "qtengine",
        "type": "github"
      }
    },
    "re2-src": {
      "flake": false,
      "locked": {
        "lastModified": 1762353507,
        "narHash": "sha256-0J1HVk+eR7VN0ymucW9dNlT36j16XIfCzcs1EVyEIEU=",
        "owner": "google",
        "repo": "re2",
        "rev": "927f5d53caf8111721e734cf24724686bb745f55",
        "type": "github"
      },
      "original": {
        "owner": "google",
        "ref": "2025-11-05",
        "repo": "re2",
        "type": "github"
      }
    },
    "root": {
      "inputs": {
        "awww": "awww",
        "elysia": "elysia",
        "helix": "helix",
        "hjem": "hjem",
        "mango": "mango",
        "millennium": "millennium",
        "niri": "niri",
        "nixcord": "nixcord",
        "nixpkgs": "nixpkgs_8",
        "nixpkgs-unstable": "nixpkgs-unstable",
        "qtengine": "qtengine",
        "xboxdrv": "xboxdrv"
      }
    },
    "rust-analyzer-src": {
      "flake": false,
      "locked": {
        "lastModified": 1769335258,
        "narHash": "sha256-sPt2PMeN1rhczLfbrOKK1tOx8UmA4KkhpPkokO0YAMc=",
        "owner": "rust-lang",
        "repo": "rust-analyzer",
        "rev": "2532c48f1ed25de1b90d0287c364ee4f306bec0e",
        "type": "github"
      },
      "original": {
        "owner": "rust-lang",
        "ref": "nightly",
        "repo": "rust-analyzer",
        "type": "github"
      }
    },
    "rust-analyzer-src_2": {
      "flake": false,
      "locked": {
        "lastModified": 1765120009,
        "narHash": "sha256-nG76b87rkaDzibWbnB5bYDm6a52b78A+fpm+03pqYIw=",
        "owner": "rust-lang",
        "repo": "rust-analyzer",
        "rev": "5e3e9c4e61bba8a5e72134b9ffefbef8f531d008",
        "type": "github"
      },
      "original": {
        "owner": "rust-lang",
        "ref": "nightly",
        "repo": "rust-analyzer",
        "type": "github"
      }
    },
    "rust-overlay": {
      "inputs": {
        "nixpkgs": [
          "awww",
          "nixpkgs"
        ]
      },
      "locked": {
        "lastModified": 1764038373,
        "narHash": "sha256-M6w2wNBRelcavoDAyFL2iO4NeWknD40ASkH1S3C0YGM=",
        "owner": "oxalica",
        "repo": "rust-overlay",
        "rev": "ab3536fe850211a96673c6ffb2cb88aab8071cc9",
        "type": "github"
      },
      "original": {
        "owner": "oxalica",
        "repo": "rust-overlay",
        "type": "github"
      }
    },
    "rust-overlay_2": {
      "inputs": {
        "nixpkgs": [
          "helix",
          "nixpkgs"
        ]
      },
      "locked": {
        "lastModified": 1759631821,
        "narHash": "sha256-V8A1L0FaU/aSXZ1QNJScxC12uP4hANeRBgI4YdhHeRM=",
        "owner": "oxalica",
        "repo": "rust-overlay",
        "rev": "1d7cbdaad90f8a5255a89a6eddd8af24dc89cafe",
        "type": "github"
      },
      "original": {
        "owner": "oxalica",
        "repo": "rust-overlay",
        "type": "github"
      }
    },
    "rust-overlay_3": {
      "inputs": {
        "nixpkgs": [
          "hjem",
          "smfh",
          "nixpkgs"
        ]
      },
      "locked": {
        "lastModified": 1763347184,
        "narHash": "sha256-6QH8hpCYJxifvyHEYg+Da0BotUn03BwLIvYo3JAxuqQ=",
        "owner": "oxalica",
        "repo": "rust-overlay",
        "rev": "08895cce80433978d5bfd668efa41c5e24578cbd",
        "type": "github"
      },
      "original": {
        "owner": "oxalica",
        "repo": "rust-overlay",
        "type": "github"
      }
    },
    "scenefx": {
      "inputs": {
        "nixpkgs": [
          "mango",
          "nixpkgs"
        ]
      },
      "locked": {
        "lastModified": 1750785057,
        "narHash": "sha256-tGX6j4W91rcb+glXJo43sjPI9zQvPotonknG1BdihR4=",
        "owner": "wlrfx",
        "repo": "scenefx",
        "rev": "3a6cfb12e4ba97b43326357d14f7b3e40897adfc",
        "type": "github"
      },
      "original": {
        "owner": "wlrfx",
        "repo": "scenefx",
        "type": "github"
      }
    },
    "smfh": {
      "inputs": {
        "nixpkgs": [
          "hjem",
          "nixpkgs"
        ],
        "rust-overlay": "rust-overlay_3",
        "systems": "systems"
      },
      "locked": {
        "lastModified": 1763430012,
        "narHash": "sha256-06G7pXUdpMnUqR0JWWvV7sA8oNGOZU1cSLqQS1GMf7Y=",
        "owner": "feel-co",
        "repo": "smfh",
        "rev": "eddda76e3dd4c6deaea5f819f174fc16dbe70f90",
        "type": "github"
      },
      "original": {
        "owner": "feel-co",
        "repo": "smfh",
        "type": "github"
      }
    },
    "systems": {
      "locked": {
        "lastModified": 1681028828,
        "narHash": "sha256-Vy1rq5AaRuLzOxct8nz4T6wlgyUR7zLU309k9mBC768=",
        "owner": "nix-systems",
        "repo": "default",
        "rev": "da67096a3b9bf56a91d16901293e51ba5b49a27e",
        "type": "github"
      },
      "original": {
        "owner": "nix-systems",
        "repo": "default",
        "type": "github"
      }
    },
    "systems_2": {
      "locked": {
        "lastModified": 1681028828,
        "narHash": "sha256-Vy1rq5AaRuLzOxct8nz4T6wlgyUR7zLU309k9mBC768=",
        "owner": "nix-systems",
        "repo": "default",
        "rev": "da67096a3b9bf56a91d16901293e51ba5b49a27e",
        "type": "github"
      },
      "original": {
        "owner": "nix-systems",
        "repo": "default",
        "type": "github"
      }
    },
    "treefmt-nix": {
      "inputs": {
        "nixpkgs": "nixpkgs_6"
      },
      "locked": {
        "lastModified": 1762938485,
        "narHash": "sha256-AlEObg0syDl+Spi4LsZIBrjw+snSVU4T8MOeuZJUJjM=",
        "owner": "numtide",
        "repo": "treefmt-nix",
        "rev": "5b4ee75aeefd1e2d5a1cc43cf6ba65eba75e83e4",
        "type": "github"
      },
      "original": {
        "owner": "numtide",
        "repo": "treefmt-nix",
        "type": "github"
      }
    },
    "websocketpp-src": {
      "flake": false,
      "locked": {
        "lastModified": 1587320717,
        "narHash": "sha256-9fIwouthv2GcmBe/UPvV7Xn9P2o0Kmn2hCI4jCh0hPM=",
        "owner": "zaphoyd",
        "repo": "websocketpp",
        "rev": "56123c87598f8b1dd471be83ca841ceae07f95ba",
        "type": "github"
      },
      "original": {
        "owner": "zaphoyd",
        "ref": "0.8.2",
        "repo": "websocketpp",
        "type": "github"
      }
    },
    "xboxdrv": {
      "inputs": {
        "flake-utils": "flake-utils",
        "nixpkgs": "nixpkgs_9"
      },
      "locked": {
        "lastModified": 1764380767,
        "narHash": "sha256-UfmSN3JqziSvHvPdovpHctXCi7v/8yquMNKlmeP4NbM=",
        "owner": "xboxdrv",
        "repo": "xboxdrv",
        "rev": "c707289a74a7194d3a06295d96d7a4c12e8de8b9",
        "type": "github"
      },
      "original": {
        "owner": "xboxdrv",
        "repo": "xboxdrv",
        "type": "github"
      }
    },
    "zlib-src": {
      "flake": false,
      "locked": {
        "lastModified": 1754565515,
        "narHash": "sha256-c2RYqHi3hj/ViBzJcYWoNib27GAbq/B1SJUfvG7CPG4=",
        "owner": "zlib-ng",
        "repo": "zlib-ng",
        "rev": "425439062b114a0f6cf625022c41d929c7e879f9",
        "type": "github"
      },
      "original": {
        "owner": "zlib-ng",
        "ref": "2.2.5",
        "repo": "zlib-ng",
        "type": "github"
      }
    }
  },
  "root": "root",
  "version": 7
}
